{
	"name": "wrapper-offline",
	"version": "1.2.3",
	"lockfileVersion": 1,
	"requires": true,
	"dependencies": {
		"audio-converter": {
			"version": "1.0.13",
			"resolved": "https://registry.npmjs.org/audio-converter/-/audio-converter-1.0.13.tgz",
			"integrity": "sha1-Iz4DS571PbJduKrse6sCw9GooGc=",
			"requires": {
				"commander": "^2.7.1",
				"glob": "^5.0.15",
				"lodash.chunk": "^4.0.6",
				"lodash.uniq": "^4.3.0",
				"mkdirp": "^0.5.1",
				"pace": "0.0.4",
				"q": "^1.2.0"
			}
		},
		"balanced-match": {
			"version": "1.0.0",
			"resolved": "https://registry.npmjs.org/balanced-match/-/balanced-match-1.0.0.tgz",
			"integrity": "sha1-ibTRmasr7kneFk6gK4nORi1xt2c="
		},
		"base64-js": {
			"version": "1.3.1",
			"resolved": "https://registry.npmjs.org/base64-js/-/base64-js-1.3.1.tgz",
			"integrity": "sha512-mLQ4i2QO1ytvGWFWmcngKO//JXAQueZvwEKtjgQFM4jIK0kU+ytMfplL8j+n5mspOfjHwoAg+9yhb7BwAHm36g=="
		},
		"bluebird": {
			"version": "3.7.2",
			"resolved": "https://registry.npmjs.org/bluebird/-/bluebird-3.7.2.tgz",
			"integrity": "sha512-XpNj6GDQzdfW+r2Wnn7xiSAd7TM3jzkxGXBGTtWKuSXv1xUV+azxAm8jdWZN06QTQk+2N2XB9jRDkvbmQmcRtg=="
		},
		"bluebird-co": {
			"version": "2.2.0",
			"resolved": "https://registry.npmjs.org/bluebird-co/-/bluebird-co-2.2.0.tgz",
			"integrity": "sha1-4KSeY7axfjTJH0izk0t2mjd/vtc="
		},
		"brace-expansion": {
			"version": "1.1.11",
			"resolved": "https://registry.npmjs.org/brace-expansion/-/brace-expansion-1.1.11.tgz",
			"integrity": "sha512-iCuPHDFgrHX7H2vEI/5xpz07zSHB00TpugqhmYtVmMO6518mCuRMoOYFldEBl0g187ufozdaHgWKcYFb61qGiA==",
			"requires": {
				"balanced-match": "^1.0.0",
				"concat-map": "0.0.1"
			}
		},
		"brotli": {
			"version": "1.3.2",
			"resolved": "https://registry.npmjs.org/brotli/-/brotli-1.3.2.tgz",
			"integrity": "sha1-UlqcrU/LqWR119OI9q7LE+7VL0Y=",
			"requires": {
				"base64-js": "^1.1.2"
			}
		},
		"charm": {
			"version": "0.1.2",
			"resolved": "https://registry.npmjs.org/charm/-/charm-0.1.2.tgz",
			"integrity": "sha1-BsIe7RobBq62dVPNxT4jJ0usIpY="
		},
		"commander": {
			"version": "2.20.3",
			"resolved": "https://registry.npmjs.org/commander/-/commander-2.20.3.tgz",
			"integrity": "sha512-GpVkmM8vF2vQUkj2LvZmD35JxeJOLCwJ9cUkugyk2nuhbv3+mJvpLYYt+0+USMxE+oj+ey/lJEnhZw75x/OMcQ=="
		},
		"concat-map": {
			"version": "0.0.1",
			"resolved": "https://registry.npmjs.org/concat-map/-/concat-map-0.0.1.tgz",
			"integrity": "sha1-2Klr13/Wjfd5OnMDajug1UBdR3s="
		},
		"discord-rpc": {
			"version": "3.2.0",
			"resolved": "https://registry.npmjs.org/discord-rpc/-/discord-rpc-3.2.0.tgz",
			"integrity": "sha512-KJv0EVbGMlr04HoG6f5b3wD7X9kSHzQ2Ed2qfHSDvYJ1MkE8RbCQmMcQQrSvAxpfsqZgUjB/bsfi/mjyicCH+A==",
			"requires": {
				"node-fetch": "^2.6.1",
				"ws": "^7.3.1"
			}
		},
		"formidable": {
			"version": "1.2.2",
			"resolved": "https://registry.npmjs.org/formidable/-/formidable-1.2.2.tgz",
			"integrity": "sha512-V8gLm+41I/8kguQ4/o1D3RIHRmhYFG4pnNyonvua+40rqcEmT4+V71yaZ3B457xbbgCsCfjSPi65u/W6vK1U5Q=="
		},
		"fs": {
			"version": "0.0.1-security",
			"resolved": "https://registry.npmjs.org/fs/-/fs-0.0.1-security.tgz",
			"integrity": "sha1-invTcYa23d84E/I4WLV+yq9eQdQ="
		},
		"glob": {
			"version": "5.0.15",
			"resolved": "https://registry.npmjs.org/glob/-/glob-5.0.15.tgz",
			"integrity": "sha1-G8k2ueAvSmA/zCIuz3Yz0wuLk7E=",
			"requires": {
				"inflight": "^1.0.4",
				"inherits": "2",
				"minimatch": "2 || 3",
				"once": "^1.3.0",
				"path-is-absolute": "^1.0.0"
			}
		},
		"inflight": {
			"version": "1.0.6",
			"resolved": "https://registry.npmjs.org/inflight/-/inflight-1.0.6.tgz",
			"integrity": "sha1-Sb1jMdfQLQwJvJEKEHW6gWW1bfk=",
			"requires": {
				"once": "^1.3.0",
				"wrappy": "1"
			}
		},
		"inherits": {
			"version": "2.0.4",
			"resolved": "https://registry.npmjs.org/inherits/-/inherits-2.0.4.tgz",
			"integrity": "sha512-k/vGaX4/Yla3WzyMCvTQOXYeIHvqOKtnqBduzTHpzpQZzAskKMhZ2K+EnBiSM9zGSoIFeMpXKxa4dYeZIQqewQ=="
		},
		"js-base64": {
			"version": "3.6.1",
			"resolved": "https://registry.npmjs.org/js-base64/-/js-base64-3.6.1.tgz",
			"integrity": "sha512-Frdq2+tRRGLQUIQOgsIGSCd1VePCS2fsddTG5dTCqR0JHgltXWfsxnY0gIXPoMeRmdom6Oyq+UMOFg5suduOjQ=="
		},
		"js-md5": {
			"version": "0.7.3",
			"resolved": "https://registry.npmjs.org/js-md5/-/js-md5-0.7.3.tgz",
			"integrity": "sha512-ZC41vPSTLKGwIRjqDh8DfXoCrdQIyBgspJVPXHBGu4nZlAEvG3nf+jO9avM9RmLiGakg7vz974ms99nEV0tmTQ=="
		},
		"lodash.chunk": {
			"version": "4.2.0",
			"resolved": "https://registry.npmjs.org/lodash.chunk/-/lodash.chunk-4.2.0.tgz",
			"integrity": "sha1-ZuXOH3btJ7QwPYxlEujRIW6BBrw="
		},
		"lodash.uniq": {
			"version": "4.5.0",
			"resolved": "https://registry.npmjs.org/lodash.uniq/-/lodash.uniq-4.5.0.tgz",
			"integrity": "sha1-0CJTc662Uq3BvILklFM5qEJ1R3M="
		},
		"minimatch": {
			"version": "3.0.4",
			"resolved": "https://registry.npmjs.org/minimatch/-/minimatch-3.0.4.tgz",
			"integrity": "sha512-yJHVQEhyqPLUTgt9B83PXu6W3rx4MvvHvSUvToogpwoGDOUQ+yDrR0HRot+yOCdCO7u4hX3pWft6kWBBcqh0UA==",
			"requires": {
				"brace-expansion": "^1.1.7"
			}
		},
		"minimist": {
			"version": "1.2.5",
			"resolved": "https://registry.npmjs.org/minimist/-/minimist-1.2.5.tgz",
			"integrity": "sha512-FM9nNUYrRBAELZQT3xeZQ7fmMOBg6nWNmJKTcgsJeaLstP/UODVpGsr5OhXhhXg6f+qtJ8uiZ+PUxkDWcgIXLw=="
		},
		"mkdirp": {
			"version": "0.5.5",
			"resolved": "https://registry.npmjs.org/mkdirp/-/mkdirp-0.5.5.tgz",
			"integrity": "sha512-NKmAlESf6jMGym1++R0Ra7wvhV+wFW63FaSOFPwRahvea0gMUcGUhVeAg/0BC0wiv9ih5NYPB1Wn1UEI1/L+xQ==",
			"requires": {
				"minimist": "^1.2.5"
			}
		},
		"mp3-duration": {
			"version": "1.1.0",
			"resolved": "https://registry.npmjs.org/mp3-duration/-/mp3-duration-1.1.0.tgz",
			"integrity": "sha1-wALk5FREgGCHNmCrtNp9EBGNDpw=",
			"requires": {
				"bluebird": "^3.5.1",
				"bluebird-co": "^2.2.0"
			}
		},
		"node-fetch": {
			"version": "2.6.1",
			"resolved": "https://registry.npmjs.org/node-fetch/-/node-fetch-2.6.1.tgz",
			"integrity": "sha512-V4aYg89jEoVRxRb2fJdAg8FHvI7cEyYdVAh94HH0UIK8oJxUfkjlDQN9RbMx+bEjP7+ggMiFRprSti032Oipxw=="
		},
		"node-stream-zip": {
			"version": "1.13.5",
			"resolved": "https://registry.npmjs.org/node-stream-zip/-/node-stream-zip-1.13.5.tgz",
			"integrity": "sha512-Lfi9xhSNvnJU35+4ZFlECXKJ70etAgJYWAVCdcEpksPnMrgwNqwkCJqdunoViVoFFV38C7AIodYE+2apuoK9Gw=="
		},
		"node-zip": {
			"version": "github:kyriosli/node-zip#7e0ef7a9fd5aeb7a9420aed36adc987aad4e5e54",
			"from": "github:kyriosli/node-zip"
		},
		"once": {
			"version": "1.4.0",
			"resolved": "https://registry.npmjs.org/once/-/once-1.4.0.tgz",
			"integrity": "sha1-WDsap3WWHUsROsF9nFC6753Xa9E=",
			"requires": {
				"wrappy": "1"
			}
		},
		"pace": {
			"version": "0.0.4",
			"resolved": "https://registry.npmjs.org/pace/-/pace-0.0.4.tgz",
			"integrity": "sha1-1mQF1fW8EtJUQabibIeNvGnnenc=",
			"requires": {
				"charm": "~0.1.0"
			}
		},
		"path-is-absolute": {
			"version": "1.0.1",
			"resolved": "https://registry.npmjs.org/path-is-absolute/-/path-is-absolute-1.0.1.tgz",
			"integrity": "sha1-F0uSaHNVNP+8es5r9TpanhtcX18="
		},
		"q": {
			"version": "1.5.1",
			"resolved": "https://registry.npmjs.org/q/-/q-1.5.1.tgz",
			"integrity": "sha1-fjL3W0E4EpHQRhHxvxQQmsAGUdc="
		},
		"sax": {
			"version": "1.2.4",
			"resolved": "https://registry.npmjs.org/sax/-/sax-1.2.4.tgz",
			"integrity": "sha512-NqVDv9TpANUjFm0N8uM5GxL36UgKi9/atZw+x7YFnQ8ckwFGKrl4xX4yWtrey3UJm5nP1kUbnYgLopqWNSRhWw=="
		},
		"wrappy": {
			"version": "1.0.2",
			"resolved": "https://registry.npmjs.org/wrappy/-/wrappy-1.0.2.tgz",
			"integrity": "sha1-tSQ9jz7BqjXxNkYFvA0QNuMKtp8="
		},
		"ws": {
			"version": "7.5.0",
			"resolved": "https://registry.npmjs.org/ws/-/ws-7.5.0.tgz",
			"integrity": "sha512-6ezXvzOZupqKj4jUqbQ9tXuJNo+BR2gU8fFRk3XCP3e0G6WT414u5ELe6Y0vtp7kmSJ3F7YWObSNr1ESsgi4vw=="
		},
		"xmldoc": {
			"version": "1.1.2",
			"resolved": "https://registry.npmjs.org/xmldoc/-/xmldoc-1.1.2.tgz",
			"integrity": "sha512-ruPC/fyPNck2BD1dpz0AZZyrEwMOrWTO5lDdIXS91rs3wtm4j+T8Rp2o+zoOYkkAxJTZRPOSnOGei1egoRmKMQ==",
			"requires": {
				"sax": "^1.2.1"
			}
		}
	}
}
