{
	"name": "wrapper-offline",
	"version": "1.2.3",
	"lockfileVersion": 2,
	"requires": true,
	"packages": {
		"": {
			"name": "wrapper-offline",
			"version": "1.2.3",
			"license": "MIT",
			"dependencies": {
				"audio-converter": "^1.0.13",
				"brotli": "^1.3.2",
				"discord-rpc": "^3.2.0",
				"formidable": "^1.2.2",
				"fs": "0.0.1-security",
				"js-base64": "^3.6.1",
				"js-md5": "^0.7.3",
				"mp3-duration": "^1.1.0",
				"node-stream-zip": "^1.13.5",
				"node-zip": "^1.1.1",
				"xmldoc": "^1.1.2"
			}
		},
		"node_modules/audio-converter": {
			"version": "1.0.13",
			"license": "ISC",
			"dependencies": {
				"commander": "^2.7.1",
				"glob": "^5.0.15",
				"lodash.chunk": "^4.0.6",
				"lodash.uniq": "^4.3.0",
				"mkdirp": "^0.5.1",
				"pace": "0.0.4",
				"q": "^1.2.0"
			},
			"bin": {
				"audio-converter": "index.js"
			}
		},
		"node_modules/audio-converter/node_modules/glob": {
			"version": "5.0.15",
			"license": "ISC",
			"dependencies": {
				"inflight": "^1.0.4",
				"inherits": "2",
				"minimatch": "2 || 3",
				"once": "^1.3.0",
				"path-is-absolute": "^1.0.0"
			},
			"engines": {
				"node": "*"
			}
		},
		"node_modules/audio-converter/node_modules/mkdirp": {
			"version": "0.5.6",
			"license": "MIT",
			"dependencies": {
				"minimist": "^1.2.6"
			},
			"bin": {
				"mkdirp": "bin/cmd.js"
			}
		},
		"node_modules/base64-js": {
			"version": "1.5.1",
			"funding": [
				{
					"type": "github",
					"url": "https://github.com/sponsors/feross"
				},
				{
					"type": "patreon",
					"url": "https://www.patreon.com/feross"
				},
				{
					"type": "consulting",
					"url": "https://feross.org/support"
				}
			],
			"license": "MIT"
		},
		"node_modules/bindings": {
			"version": "1.5.0",
			"license": "MIT",
			"peer": true,
			"dependencies": {
				"file-uri-to-path": "1.0.0"
			}
		},
		"node_modules/bluebird": {
			"version": "3.7.2",
			"license": "MIT"
		},
		"node_modules/bluebird-co": {
			"version": "2.2.0",
			"license": "MIT",
			"peerDependencies": {
				"bluebird": "^3.x"
			}
		},
		"node_modules/brotli": {
			"version": "1.3.2",
			"license": "MIT",
			"dependencies": {
				"base64-js": "^1.1.2"
			}
		},
		"node_modules/charm": {
			"version": "0.1.2",
			"license": "MIT/X11"
		},
		"node_modules/commander": {
			"version": "2.20.3",
			"license": "MIT"
		},
		"node_modules/discord-rpc": {
			"version": "3.2.0",
			"license": "MIT",
			"dependencies": {
				"node-fetch": "^2.6.1",
				"ws": "^7.3.1"
			},
			"peerDependencies": {
				"register-scheme": "github:devsnek/node-register-scheme"
			}
		},
		"node_modules/file-uri-to-path": {
			"version": "1.0.0",
			"license": "MIT",
			"peer": true
		},
		"node_modules/formidable": {
			"version": "1.2.6",
			"license": "MIT",
			"funding": {
				"url": "https://ko-fi.com/tunnckoCore/commissions"
			}
		},
		"node_modules/fs": {
			"version": "0.0.1-security",
			"license": "ISC"
		},
		"node_modules/js-base64": {
			"version": "3.7.2",
			"license": "BSD-3-Clause"
		},
		"node_modules/js-md5": {
			"version": "0.7.3",
			"license": "MIT"
		},
		"node_modules/jszip": {
			"version": "2.5.0",
			"license": "MIT or GPLv3",
			"dependencies": {
				"pako": "~0.2.5"
			}
		},
		"node_modules/lodash.chunk": {
			"version": "4.2.0",
			"license": "MIT"
		},
		"node_modules/lodash.uniq": {
			"version": "4.5.0",
			"license": "MIT"
		},
		"node_modules/minimist": {
			"version": "1.2.6",
			"license": "MIT"
		},
		"node_modules/mp3-duration": {
			"version": "1.1.0",
			"license": "MIT",
			"dependencies": {
				"bluebird": "^3.5.1",
				"bluebird-co": "^2.2.0"
			},
			"engines": {
				"node": ">=0.11.0"
			}
		},
		"node_modules/node-addon-api": {
			"version": "1.7.2",
			"license": "MIT",
			"peer": true
		},
		"node_modules/node-fetch": {
			"version": "2.6.7",
			"license": "MIT",
			"dependencies": {
				"whatwg-url": "^5.0.0"
			},
			"engines": {
				"node": "4.x || >=6.0.0"
			},
			"peerDependencies": {
				"encoding": "^0.1.0"
			},
			"peerDependenciesMeta": {
				"encoding": {
					"optional": true
				}
			}
		},
		"node_modules/node-stream-zip": {
			"version": "1.15.0",
			"license": "MIT",
			"engines": {
				"node": ">=0.12.0"
			},
			"funding": {
				"type": "github",
				"url": "https://github.com/sponsors/antelle"
			}
		},
		"node_modules/node-zip": {
			"version": "1.1.1",
			"dependencies": {
				"jszip": "2.5.0"
			},
			"bin": {
				"nodezip": "bin/nodezip"
			},
			"engines": {
				"node": "*"
			}
		},
		"node_modules/pace": {
			"version": "0.0.4",
			"dependencies": {
				"charm": "~0.1.0"
			},
			"engines": {
				"node": "*"
			}
		},
		"node_modules/pako": {
			"version": "0.2.9",
			"license": "MIT"
		},
		"node_modules/q": {
			"version": "1.5.1",
			"license": "MIT",
			"engines": {
				"node": ">=0.6.0",
				"teleport": ">=0.2.0"
			}
		},
		"node_modules/register-scheme": {
			"version": "0.0.2",
			"hasInstallScript": true,
			"license": "MIT",
			"peer": true,
			"dependencies": {
				"bindings": "^1.3.0",
				"node-addon-api": "^1.3.0"
			}
		},
		"node_modules/sax": {
			"version": "1.2.4",
			"license": "ISC"
		},
		"node_modules/tr46": {
			"version": "0.0.3",
			"license": "MIT"
		},
		"node_modules/webidl-conversions": {
			"version": "3.0.1",
			"license": "BSD-2-Clause"
		},
		"node_modules/whatwg-url": {
			"version": "5.0.0",
			"license": "MIT",
			"dependencies": {
				"tr46": "~0.0.3",
				"webidl-conversions": "^3.0.0"
			}
		},
		"node_modules/ws": {
			"version": "7.5.7",
			"license": "MIT",
			"engines": {
				"node": ">=8.3.0"
			},
			"peerDependencies": {
				"bufferutil": "^4.0.1",
				"utf-8-validate": "^5.0.2"
			},
			"peerDependenciesMeta": {
				"bufferutil": {
					"optional": true
				},
				"utf-8-validate": {
					"optional": true
				}
			}
		},
		"node_modules/xmldoc": {
			"version": "1.1.2",
			"license": "MIT",
			"dependencies": {
				"sax": "^1.2.1"
			}
		}
	},
	"dependencies": {
		"audio-converter": {
			"version": "1.0.13",
			"requires": {
				"commander": "^2.7.1",
				"glob": "^5.0.15",
				"lodash.chunk": "^4.0.6",
				"lodash.uniq": "^4.3.0",
				"mkdirp": "^0.5.1",
				"pace": "0.0.4",
				"q": "^1.2.0"
			},
			"dependencies": {
				"glob": {
					"version": "5.0.15",
					"requires": {
						"inflight": "^1.0.4",
						"inherits": "2",
						"minimatch": "2 || 3",
						"once": "^1.3.0",
						"path-is-absolute": "^1.0.0"
					}
				},
				"mkdirp": {
					"version": "0.5.6",
					"requires": {
						"minimist": "^1.2.6"
					}
				}
			}
		},
		"base64-js": {
			"version": "1.5.1"
		},
		"bindings": {
			"version": "1.5.0",
			"peer": true,
			"requires": {
				"file-uri-to-path": "1.0.0"
			}
		},
		"bluebird": {
			"version": "3.7.2"
		},
		"bluebird-co": {
			"version": "2.2.0",
			"requires": {}
		},
		"brotli": {
			"version": "1.3.2",
			"requires": {
				"base64-js": "^1.1.2"
			}
		},
		"charm": {
			"version": "0.1.2"
		},
		"commander": {
			"version": "2.20.3"
		},
		"discord-rpc": {
			"version": "3.2.0",
			"requires": {
				"node-fetch": "^2.6.1",
				"ws": "^7.3.1"
			}
		},
		"file-uri-to-path": {
			"version": "1.0.0",
			"peer": true
		},
		"formidable": {
			"version": "1.2.6"
		},
		"fs": {
			"version": "0.0.1-security"
		},
		"js-base64": {
			"version": "3.7.2"
		},
		"js-md5": {
			"version": "0.7.3"
		},
		"jszip": {
			"version": "2.5.0",
			"requires": {
				"pako": "~0.2.5"
			}
		},
		"lodash.chunk": {
			"version": "4.2.0"
		},
		"lodash.uniq": {
			"version": "4.5.0"
		},
		"minimist": {
			"version": "1.2.6"
		},
		"mp3-duration": {
			"version": "1.1.0",
			"requires": {
				"bluebird": "^3.5.1",
				"bluebird-co": "^2.2.0"
			}
		},
		"node-addon-api": {
			"version": "1.7.2",
			"peer": true
		},
		"node-fetch": {
			"version": "2.6.7",
			"requires": {
				"whatwg-url": "^5.0.0"
			}
		},
		"node-stream-zip": {
			"version": "1.15.0"
		},
		"node-zip": {
			"version": "1.1.1",
			"requires": {
				"jszip": "2.5.0"
			}
		},
		"pace": {
			"version": "0.0.4",
			"requires": {
				"charm": "~0.1.0"
			}
		},
		"pako": {
			"version": "0.2.9"
		},
		"q": {
			"version": "1.5.1"
		},
		"register-scheme": {
			"version": "0.0.2",
			"peer": true,
			"requires": {
				"bindings": "^1.3.0",
				"node-addon-api": "^1.3.0"
			}
		},
		"sax": {
			"version": "1.2.4"
		},
		"tr46": {
			"version": "0.0.3"
		},
		"webidl-conversions": {
			"version": "3.0.1"
		},
		"whatwg-url": {
			"version": "5.0.0",
			"requires": {
				"tr46": "~0.0.3",
				"webidl-conversions": "^3.0.0"
			}
		},
		"ws": {
			"version": "7.5.7",
			"requires": {}
		},
		"xmldoc": {
			"version": "1.1.2",
			"requires": {
				"sax": "^1.2.1"
			}
		}
	}
}
